
Microsoft Visual Studio Solution File, Format Version 12.00
# Visual Studio Version 16
VisualStudioVersion = 16.0.32802.440
MinimumVisualStudioVersion = 10.0.40219.1
Project("{888888A0-9F3D-457C-B088-3A5042F75D52}") = "python_fault_tolerance", "python_fault_tolerance\python_fault_tolerance.pyproj", "{AB6CD711-0126-48AB-9854-294F3156F82C}"
EndProject
Global
	GlobalSection(SolutionConfigurationPlatforms) = preSolution
		Debug|Any CPU = Debug|Any CPU
		Release|Any CPU = Release|Any CPU
	EndGlobalSection
	GlobalSection(ProjectConfigurationPlatforms) = postSolution
		{AB6CD711-0126-48AB-9854-294F3156F82C}.Debug|Any CPU.ActiveCfg = Debug|Any CPU
		{AB6CD711-0126-48AB-9854-294F3156F82C}.Release|Any CPU.ActiveCfg = Release|Any CPU
	EndGlobalSection
	GlobalSection(SolutionProperties) = preSolution
		HideSolutionNode = FALSE
	EndGlobalSection
	GlobalSection(ExtensibilityGlobals) = postSolution
		SolutionGuid = {B85A4040-72BF-441B-9403-439F4922A826}
	EndGlobalSection
EndGlobal
